
Microsoft Visual Studio Solution File, Format Version 12.00
# Visual Studio Version 17
VisualStudioVersion = 17.14.36301.6 d17.14
MinimumVisualStudioVersion = 10.0.40219.1
Project("{FAE04EC0-301F-11D3-BF4B-00C04F79EFBC}") = "Calculadora-de-eficiencia", "Calculadora-de-eficiencia\Calculadora-de-eficiencia.csproj", "{4F5922F8-EF35-4DE1-9300-1F0055FF3F58}"
EndProject
Global
	GlobalSection(SolutionConfigurationPlatforms) = preSolution
		Debug|Any CPU = Debug|Any CPU
		Release|Any CPU = Release|Any CPU
	EndGlobalSection
	GlobalSection(ProjectConfigurationPlatforms) = postSolution
		{4F5922F8-EF35-4DE1-9300-1F0055FF3F58}.Debug|Any CPU.ActiveCfg = Debug|Any CPU
		{4F5922F8-EF35-4DE1-9300-1F0055FF3F58}.Debug|Any CPU.Build.0 = Debug|Any CPU
		{4F5922F8-EF35-4DE1-9300-1F0055FF3F58}.Release|Any CPU.ActiveCfg = Release|Any CPU
		{4F5922F8-EF35-4DE1-9300-1F0055FF3F58}.Release|Any CPU.Build.0 = Release|Any CPU
	EndGlobalSection
	GlobalSection(SolutionProperties) = preSolution
		HideSolutionNode = FALSE
	EndGlobalSection
	GlobalSection(ExtensibilityGlobals) = postSolution
		SolutionGuid = {EFDEA489-79AD-4C57-98E3-AD8D1FFC0F64}
	EndGlobalSection
EndGlobal
